
Microsoft Visual Studio Solution File, Format Version 12.00
# Visual Studio Version 17
VisualStudioVersion = 17.0.32112.339
MinimumVisualStudioVersion = 10.0.40219.1
Project("{FAE04EC0-301F-11D3-BF4B-00C04F79EFBC}") = "new", "new.csproj", "{17C27366-9916-4234-A489-0CDE27474F9F}"
EndProject
Global
	GlobalSection(SolutionConfigurationPlatforms) = preSolution
		Debug|Any CPU = Debug|Any CPU
		Release|Any CPU = Release|Any CPU
	EndGlobalSection
	GlobalSection(ProjectConfigurationPlatforms) = postSolution
		{17C27366-9916-4234-A489-0CDE27474F9F}.Debug|Any CPU.ActiveCfg = Debug|Any CPU
		{17C27366-9916-4234-A489-0CDE27474F9F}.Debug|Any CPU.Build.0 = Debug|Any CPU
		{17C27366-9916-4234-A489-0CDE27474F9F}.Release|Any CPU.ActiveCfg = Release|Any CPU
		{17C27366-9916-4234-A489-0CDE27474F9F}.Release|Any CPU.Build.0 = Release|Any CPU
	EndGlobalSection
	GlobalSection(SolutionProperties) = preSolution
		HideSolutionNode = FALSE
	EndGlobalSection
	GlobalSection(ExtensibilityGlobals) = postSolution
		SolutionGuid = {3DCF009A-8675-4FE7-834F-4283E0D8F163}
	EndGlobalSection
EndGlobal
